
Microsoft Visual Studio Solution File, Format Version 12.00
# Visual Studio Version 16
VisualStudioVersion = 16.0.29728.190
MinimumVisualStudioVersion = 10.0.40219.1
Project("{D2ABAB84-BF74-430A-B69E-9DC6D40DDA17}") = "SSAS", "SSAS\SSAS.dwproj", "{8F6B9F4A-C03C-4EA5-A4C6-0EE356597FCB}"
EndProject
Global
	GlobalSection(SolutionConfigurationPlatforms) = preSolution
		Development|Default = Development|Default
	EndGlobalSection
	GlobalSection(ProjectConfigurationPlatforms) = postSolution
		{8F6B9F4A-C03C-4EA5-A4C6-0EE356597FCB}.Development|Default.ActiveCfg = Development
		{8F6B9F4A-C03C-4EA5-A4C6-0EE356597FCB}.Development|Default.Build.0 = Development
		{8F6B9F4A-C03C-4EA5-A4C6-0EE356597FCB}.Development|Default.Deploy.0 = Development
	EndGlobalSection
	GlobalSection(SolutionProperties) = preSolution
		HideSolutionNode = FALSE
	EndGlobalSection
	GlobalSection(ExtensibilityGlobals) = postSolution
		SolutionGuid = {3E35B376-E89B-4363-9540-7181E937C451}
	EndGlobalSection
EndGlobal
